{
  "name": "Pets",
  "version": "0.0.1",
  "lockfileVersion": 1,
  "requires": true,
  "dependencies": {
    "@types/prop-types": {
      "version": "15.7.3",
      "resolved": "https://registry.npmjs.org/@types/prop-types/-/prop-types-15.7.3.tgz",
      "integrity": "sha512-KfRL3PuHmqQLOG+2tGpRO26Ctg+Cq1E01D2DMriKEATHgWLfeNDmq9e29Q9WIky0dQ3NPkd1mzYH8Lm936Z9qw==",
      "dev": true
    },
    "@types/react": {
      "version": "17.0.5",
      "resolved": "https://registry.npmjs.org/@types/react/-/react-17.0.5.tgz",
      "integrity": "sha512-bj4biDB9ZJmGAYTWSKJly6bMr4BLUiBrx9ujiJEoP9XIDY9CTaPGxE5QWN/1WjpPLzYF7/jRNnV2nNxNe970sw==",
      "dev": true,
      "requires": {
        "@types/prop-types": "*",
        "@types/scheduler": "*",
        "csstype": "^3.0.2"
      }
    },
    "@types/react-native": {
      "version": "0.64.5",
      "resolved": "https://registry.npmjs.org/@types/react-native/-/react-native-0.64.5.tgz",
      "integrity": "sha512-k0r8MnQX7UFboZDvMKLov26gFLXKrNgLhCfSVhjaZ6wMUofKijxvee7/wgfAqtT2zS5FR4an4+qn0r72SCbw3g==",
      "dev": true,
      "requires": {
        "@types/react": "*"
      }
    },
    "@types/scheduler": {
      "version": "0.16.1",
      "resolved": "https://registry.npmjs.org/@types/scheduler/-/scheduler-0.16.1.tgz",
      "integrity": "sha512-EaCxbanVeyxDRTQBkdLb3Bvl/HK7PBK6UJjsSixB0iHKoWxE5uu2Q/DgtpOhPIojN0Zl1whvOd7PoHs2P0s5eA==",
      "dev": true
    },
    "ansi-escapes": {
      "version": "4.3.2",
      "resolved": "https://registry.npmjs.org/ansi-escapes/-/ansi-escapes-4.3.2.tgz",
      "integrity": "sha512-gKXj5ALrKWQLsYG9jlTRmR/xKluxHV+Z9QEwNIgCfM1/uwPMCuzVVnh5mwTd+OuBZcwSIMbqssNWRm1lE51QaQ==",
      "requires": {
        "type-fest": "^0.21.3"
      }
    },
    "ansi-regex": {
      "version": "5.0.0",
      "resolved": "https://registry.npmjs.org/ansi-regex/-/ansi-regex-5.0.0.tgz",
      "integrity": "sha512-bY6fj56OUQ0hU1KjFNDQuJFezqKdrAyFdIevADiqrWHwSlbmBNMHp5ak2f40Pm8JTFyM2mqxkG6ngkHO11f/lg=="
    },
    "ansi-styles": {
      "version": "4.3.0",
      "resolved": "https://registry.npmjs.org/ansi-styles/-/ansi-styles-4.3.0.tgz",
      "integrity": "sha512-zbB9rCJAT1rbjiVDb2hqKFHNYLxgtk8NURxZ3IZwD3F6NtxbXZQCnnSi1Lkx+IDohdPlFp222wVALIheZJQSEg==",
      "requires": {
        "color-convert": "^2.0.1"
      }
    },
    "appcenter": {
      "version": "4.1.0",
      "resolved": "https://registry.npmjs.org/appcenter/-/appcenter-4.1.0.tgz",
      "integrity": "sha512-JUwb/4sMw68CN2AlJEp1G5iVl/Rzv8fg8t9CzeRaEcnOku42h6+vlYbYe3P5YW18kAIA/hCH0uoDaa0kc9qfDA==",
      "requires": {
        "appcenter-link-scripts": "4.1.0"
      }
    },
    "appcenter-analytics": {
      "version": "4.1.0",
      "resolved": "https://registry.npmjs.org/appcenter-analytics/-/appcenter-analytics-4.1.0.tgz",
      "integrity": "sha512-pEsz08wer7J3+zjNV78eSB0FY1bjMxmFHukV6PimAoMpIm8E+X7saGP0QQw2cQTUFiexMujHRvZfM259ksg6hg==",
      "requires": {
        "appcenter": "4.1.0"
      }
    },
    "appcenter-crashes": {
      "version": "4.1.0",
      "resolved": "https://registry.npmjs.org/appcenter-crashes/-/appcenter-crashes-4.1.0.tgz",
      "integrity": "sha512-erl7387yAPRKa7d8L7KxNd82OAZ+EQwThpsu7tZLQYn3iuIT4P98dNFCnJKO6y64li4dn4B9rCF3s0PN7tPb1A==",
      "requires": {
        "appcenter": "4.1.0"
      }
    },
    "appcenter-link-scripts": {
      "version": "4.1.0",
      "resolved": "https://registry.npmjs.org/appcenter-link-scripts/-/appcenter-link-scripts-4.1.0.tgz",
      "integrity": "sha512-sTd8H4H9wNwBkUKHasvDGNBln34+dHEFlaT/P6O0gvs6TWU3JxlY8uXpB/IqAi2lSWPs3TMgQ7NGXTjvC6oZig==",
      "requires": {
        "debug": "4.1.1",
        "glob": "5.0.15",
        "minimist": "1.2.5",
        "mkdirp": "0.5.3",
        "plist": "3.0.1",
        "which": "1.2.11",
        "xcode": "2.0.0"
      }
    },
    "balanced-match": {
      "version": "1.0.2",
      "resolved": "https://registry.npmjs.org/balanced-match/-/balanced-match-1.0.2.tgz",
      "integrity": "sha512-3oSeUO0TMV67hN1AmbXsK4yaqU7tjiHlbxRDZOpH0KW9+CeX4bRAaX0Anxt0tx2MrpRpWwQaPwIlISEJhYU5Pw=="
    },
    "base64-js": {
      "version": "1.5.1",
      "resolved": "https://registry.npmjs.org/base64-js/-/base64-js-1.5.1.tgz",
      "integrity": "sha512-AKpaYlHn8t4SVbOHCy+b5+KKgvR4vrsD8vbvrbiQJps7fKDTkjkDry6ji0rUJjC0kzbNePLwzxq8iypo41qeWA=="
    },
    "big-integer": {
      "version": "1.6.48",
      "resolved": "https://registry.npmjs.org/big-integer/-/big-integer-1.6.48.tgz",
      "integrity": "sha512-j51egjPa7/i+RdiRuJbPdJ2FIUYYPhvYLjzoYbcMMm62ooO6F94fETG4MTs46zPAF9Brs04OajboA/qTGuz78w=="
    },
    "bplist-creator": {
      "version": "0.0.8",
      "resolved": "https://registry.npmjs.org/bplist-creator/-/bplist-creator-0.0.8.tgz",
      "integrity": "sha512-Za9JKzD6fjLC16oX2wsXfc+qBEhJBJB1YPInoAQpMLhDuj5aVOv1baGeIQSq1Fr3OCqzvsoQcSBSwGId/Ja2PA==",
      "requires": {
        "stream-buffers": "~2.2.0"
      }
    },
    "bplist-parser": {
      "version": "0.2.0",
      "resolved": "https://registry.npmjs.org/bplist-parser/-/bplist-parser-0.2.0.tgz",
      "integrity": "sha512-z0M+byMThzQmD9NILRniCUXYsYpjwnlO8N5uCFaCqIOpqRsJCrQL9NK3JsD67CN5a08nF5oIL2bD6loTdHOuKw==",
      "requires": {
        "big-integer": "^1.6.44"
      }
    },
    "brace-expansion": {
      "version": "1.1.11",
      "resolved": "https://registry.npmjs.org/brace-expansion/-/brace-expansion-1.1.11.tgz",
      "integrity": "sha512-iCuPHDFgrHX7H2vEI/5xpz07zSHB00TpugqhmYtVmMO6518mCuRMoOYFldEBl0g187ufozdaHgWKcYFb61qGiA==",
      "requires": {
        "balanced-match": "^1.0.0",
        "concat-map": "0.0.1"
      }
    },
    "chalk": {
      "version": "4.1.1",
      "resolved": "https://registry.npmjs.org/chalk/-/chalk-4.1.1.tgz",
      "integrity": "sha512-diHzdDKxcU+bAsUboHLPEDQiw0qEe0qd7SYUn3HgcFlWgbDcfLGswOHYeGrHKzG9z6UYf01d9VFMfZxPM1xZSg==",
      "requires": {
        "ansi-styles": "^4.1.0",
        "supports-color": "^7.1.0"
      }
    },
    "color-convert": {
      "version": "2.0.1",
      "resolved": "https://registry.npmjs.org/color-convert/-/color-convert-2.0.1.tgz",
      "integrity": "sha512-RRECPsj7iu/xb5oKYcsFHSppFNnsj/52OVTRKb4zP5onXwVF3zVmmToNcOfGC+CRDpfK/U584fMg38ZHCaElKQ==",
      "requires": {
        "color-name": "~1.1.4"
      }
    },
    "color-name": {
      "version": "1.1.4",
      "resolved": "https://registry.npmjs.org/color-name/-/color-name-1.1.4.tgz",
      "integrity": "sha512-dOy+3AuW3a2wNbZHIuMZpTcgjGuLU/uBL/ubcZF9OXbDo8ff4O8yVp5Bf0efS8uEoYo5q4Fx7dY9OgQGXgAsQA=="
    },
    "concat-map": {
      "version": "0.0.1",
      "resolved": "https://registry.npmjs.org/concat-map/-/concat-map-0.0.1.tgz",
      "integrity": "sha1-2Klr13/Wjfd5OnMDajug1UBdR3s="
    },
    "csstype": {
      "version": "3.0.8",
      "resolved": "https://registry.npmjs.org/csstype/-/csstype-3.0.8.tgz",
      "integrity": "sha512-jXKhWqXPmlUeoQnF/EhTtTl4C9SnrxSH/jZUih3jmO6lBKr99rP3/+FmrMj4EFpOXzMtXHAZkd3x0E6h6Fgflw==",
      "dev": true
    },
    "debug": {
      "version": "4.1.1",
      "resolved": "https://registry.npmjs.org/debug/-/debug-4.1.1.tgz",
      "integrity": "sha512-pYAIzeRo8J6KPEaJ0VWOh5Pzkbw/RetuzehGM7QRRX5he4fPHx2rdKMB256ehJCkX+XRQm16eZLqLNS8RSZXZw==",
      "requires": {
        "ms": "^2.1.1"
      }
    },
    "emoji-regex": {
      "version": "8.0.0",
      "resolved": "https://registry.npmjs.org/emoji-regex/-/emoji-regex-8.0.0.tgz",
      "integrity": "sha512-MSjYzcWNOA0ewAHpz0MxpYFvwg6yjy1NG3xteoqz644VCo/RPgnr1/GGt+ic3iJTzQ8Eu3TdM14SawnVUmGE6A=="
    },
    "eslint-formatter-pretty": {
      "version": "4.0.0",
      "resolved": "https://registry.npmjs.org/eslint-formatter-pretty/-/eslint-formatter-pretty-4.0.0.tgz",
      "integrity": "sha512-QgdeZxQwWcN0TcXXNZJiS6BizhAANFhCzkE7Yl9HKB7WjElzwED6+FbbZB2gji8ofgJTGPqKm6VRCNT3OGCeEw==",
      "requires": {
        "ansi-escapes": "^4.2.1",
        "chalk": "^4.1.0",
        "eslint-rule-docs": "^1.1.5",
        "log-symbols": "^4.0.0",
        "plur": "^4.0.0",
        "string-width": "^4.2.0",
        "supports-hyperlinks": "^2.0.0"
      }
    },
    "eslint-rule-docs": {
      "version": "1.1.226",
      "resolved": "https://registry.npmjs.org/eslint-rule-docs/-/eslint-rule-docs-1.1.226.tgz",
      "integrity": "sha512-Wnn0ETzE2v2UT0OdRCcdMNPkQtbzyZr3pPPXnkreP0l6ZJaKqnl88dL1DqZ6nCCZZwDGBAnN0Y+nCvGxxLPQLQ=="
    },
    "glob": {
      "version": "5.0.15",
      "resolved": "https://registry.npmjs.org/glob/-/glob-5.0.15.tgz",
      "integrity": "sha1-G8k2ueAvSmA/zCIuz3Yz0wuLk7E=",
      "requires": {
        "inflight": "^1.0.4",
        "inherits": "2",
        "minimatch": "2 || 3",
        "once": "^1.3.0",
        "path-is-absolute": "^1.0.0"
      }
    },
    "has-flag": {
      "version": "4.0.0",
      "resolved": "https://registry.npmjs.org/has-flag/-/has-flag-4.0.0.tgz",
      "integrity": "sha512-EykJT/Q1KjTWctppgIAgfSO0tKVuZUjhgMr17kqTumMl6Afv3EISleU7qZUzoXDFTAHTDC4NOoG/ZxU3EvlMPQ=="
    },
    "inflight": {
      "version": "1.0.6",
      "resolved": "https://registry.npmjs.org/inflight/-/inflight-1.0.6.tgz",
      "integrity": "sha1-Sb1jMdfQLQwJvJEKEHW6gWW1bfk=",
      "requires": {
        "once": "^1.3.0",
        "wrappy": "1"
      }
    },
    "inherits": {
      "version": "2.0.4",
      "resolved": "https://registry.npmjs.org/inherits/-/inherits-2.0.4.tgz",
      "integrity": "sha512-k/vGaX4/Yla3WzyMCvTQOXYeIHvqOKtnqBduzTHpzpQZzAskKMhZ2K+EnBiSM9zGSoIFeMpXKxa4dYeZIQqewQ=="
    },
    "irregular-plurals": {
      "version": "3.3.0",
      "resolved": "https://registry.npmjs.org/irregular-plurals/-/irregular-plurals-3.3.0.tgz",
      "integrity": "sha512-MVBLKUTangM3EfRPFROhmWQQKRDsrgI83J8GS3jXy+OwYqiR2/aoWndYQ5416jLE3uaGgLH7ncme3X9y09gZ3g=="
    },
    "is-fullwidth-code-point": {
      "version": "3.0.0",
      "resolved": "https://registry.npmjs.org/is-fullwidth-code-point/-/is-fullwidth-code-point-3.0.0.tgz",
      "integrity": "sha512-zymm5+u+sCsSWyD9qNaejV3DFvhCKclKdizYaJUuHA83RLjb7nSuGnddCHGv0hk+KY7BMAlsWeK4Ueg6EV6XQg=="
    },
    "is-unicode-supported": {
      "version": "0.1.0",
      "resolved": "https://registry.npmjs.org/is-unicode-supported/-/is-unicode-supported-0.1.0.tgz",
      "integrity": "sha512-knxG2q4UC3u8stRGyAVJCOdxFmv5DZiRcdlIaAQXAbSfJya+OhopNotLQrstBhququ4ZpuKbDc/8S6mgXgPFPw=="
    },
    "isexe": {
      "version": "1.1.2",
      "resolved": "https://registry.npmjs.org/isexe/-/isexe-1.1.2.tgz",
      "integrity": "sha1-NvPiLmB1CSD15yQaR2qMakInWtA="
    },
    "log-symbols": {
      "version": "4.1.0",
      "resolved": "https://registry.npmjs.org/log-symbols/-/log-symbols-4.1.0.tgz",
      "integrity": "sha512-8XPvpAA8uyhfteu8pIvQxpJZ7SYYdpUivZpGy6sFsBuKRY/7rQGavedeB8aK+Zkyq6upMFVL/9AW6vOYzfRyLg==",
      "requires": {
        "chalk": "^4.1.0",
        "is-unicode-supported": "^0.1.0"
      }
    },
    "minimatch": {
      "version": "3.0.4",
      "resolved": "https://registry.npmjs.org/minimatch/-/minimatch-3.0.4.tgz",
      "integrity": "sha512-yJHVQEhyqPLUTgt9B83PXu6W3rx4MvvHvSUvToogpwoGDOUQ+yDrR0HRot+yOCdCO7u4hX3pWft6kWBBcqh0UA==",
      "requires": {
        "brace-expansion": "^1.1.7"
      }
    },
    "minimist": {
      "version": "1.2.5",
      "resolved": "https://registry.npmjs.org/minimist/-/minimist-1.2.5.tgz",
      "integrity": "sha512-FM9nNUYrRBAELZQT3xeZQ7fmMOBg6nWNmJKTcgsJeaLstP/UODVpGsr5OhXhhXg6f+qtJ8uiZ+PUxkDWcgIXLw=="
    },
    "mkdirp": {
      "version": "0.5.3",
      "resolved": "https://registry.npmjs.org/mkdirp/-/mkdirp-0.5.3.tgz",
      "integrity": "sha512-P+2gwrFqx8lhew375MQHHeTlY8AuOJSrGf0R5ddkEndUkmwpgUob/vQuBD1V22/Cw1/lJr4x+EjllSezBThzBg==",
      "requires": {
        "minimist": "^1.2.5"
      }
    },
    "ms": {
      "version": "2.1.3",
      "resolved": "https://registry.npmjs.org/ms/-/ms-2.1.3.tgz",
      "integrity": "sha512-6FlzubTLZG3J2a/NVCAleEhjzq5oxgHyaCU9yYXvcLsvoVaHJq/s5xXI6/XXP6tz7R9xAOtHnSO/tXtF3WRTlA=="
    },
    "once": {
      "version": "1.4.0",
      "resolved": "https://registry.npmjs.org/once/-/once-1.4.0.tgz",
      "integrity": "sha1-WDsap3WWHUsROsF9nFC6753Xa9E=",
      "requires": {
        "wrappy": "1"
      }
    },
    "path-is-absolute": {
      "version": "1.0.1",
      "resolved": "https://registry.npmjs.org/path-is-absolute/-/path-is-absolute-1.0.1.tgz",
      "integrity": "sha1-F0uSaHNVNP+8es5r9TpanhtcX18="
    },
    "plist": {
      "version": "3.0.1",
      "resolved": "https://registry.npmjs.org/plist/-/plist-3.0.1.tgz",
      "integrity": "sha512-GpgvHHocGRyQm74b6FWEZZVRroHKE1I0/BTjAmySaohK+cUn+hZpbqXkc3KWgW3gQYkqcQej35FohcT0FRlkRQ==",
      "requires": {
        "base64-js": "^1.2.3",
        "xmlbuilder": "^9.0.7",
        "xmldom": "0.1.x"
      }
    },
    "plur": {
      "version": "4.0.0",
      "resolved": "https://registry.npmjs.org/plur/-/plur-4.0.0.tgz",
      "integrity": "sha512-4UGewrYgqDFw9vV6zNV+ADmPAUAfJPKtGvb/VdpQAx25X5f3xXdGdyOEVFwkl8Hl/tl7+xbeHqSEM+D5/TirUg==",
      "requires": {
        "irregular-plurals": "^3.2.0"
      }
    },
    "react-native-bouncy-checkbox": {
      "version": "2.1.1",
      "resolved": "https://registry.npmjs.org/react-native-bouncy-checkbox/-/react-native-bouncy-checkbox-2.1.1.tgz",
      "integrity": "sha512-K3vUeI9Ig+6SW8yV+NFOCkP/Tegrk5NaJrFi3KeUT8sZu9pYOOisq0OayAFkmGxCPoRE3Xi6gqZ5Q7r9OMU9Xg=="
    },
    "simple-plist": {
      "version": "1.1.1",
      "resolved": "https://registry.npmjs.org/simple-plist/-/simple-plist-1.1.1.tgz",
      "integrity": "sha512-pKMCVKvZbZTsqYR6RKgLfBHkh2cV89GXcA/0CVPje3sOiNOnXA8+rp/ciAMZ7JRaUdLzlEM6JFfUn+fS6Nt3hg==",
      "requires": {
        "bplist-creator": "0.0.8",
        "bplist-parser": "0.2.0",
        "plist": "^3.0.1"
      }
    },
    "stream-buffers": {
      "version": "2.2.0",
      "resolved": "https://registry.npmjs.org/stream-buffers/-/stream-buffers-2.2.0.tgz",
      "integrity": "sha1-kdX1Ew0c75bc+n9yaUUYh0HQnuQ="
    },
    "string-width": {
      "version": "4.2.2",
      "resolved": "https://registry.npmjs.org/string-width/-/string-width-4.2.2.tgz",
      "integrity": "sha512-XBJbT3N4JhVumXE0eoLU9DCjcaF92KLNqTmFCnG1pf8duUxFGwtP6AD6nkjw9a3IdiRtL3E2w3JDiE/xi3vOeA==",
      "requires": {
        "emoji-regex": "^8.0.0",
        "is-fullwidth-code-point": "^3.0.0",
        "strip-ansi": "^6.0.0"
      }
    },
    "strip-ansi": {
      "version": "6.0.0",
      "resolved": "https://registry.npmjs.org/strip-ansi/-/strip-ansi-6.0.0.tgz",
      "integrity": "sha512-AuvKTrTfQNYNIctbR1K/YGTR1756GycPsg7b9bdV9Duqur4gv6aKqHXah67Z8ImS7WEz5QVcOtlfW2rZEugt6w==",
      "requires": {
        "ansi-regex": "^5.0.0"
      }
    },
    "supports-color": {
      "version": "7.2.0",
      "resolved": "https://registry.npmjs.org/supports-color/-/supports-color-7.2.0.tgz",
      "integrity": "sha512-qpCAvRl9stuOHveKsn7HncJRvv501qIacKzQlO/+Lwxc9+0q2wLyv4Dfvt80/DPn2pqOBsJdDiogXGR9+OvwRw==",
      "requires": {
        "has-flag": "^4.0.0"
      }
    },
    "supports-hyperlinks": {
      "version": "2.2.0",
      "resolved": "https://registry.npmjs.org/supports-hyperlinks/-/supports-hyperlinks-2.2.0.tgz",
      "integrity": "sha512-6sXEzV5+I5j8Bmq9/vUphGRM/RJNT9SCURJLjwfOg51heRtguGWDzcaBlgAzKhQa0EVNpPEKzQuBwZ8S8WaCeQ==",
      "requires": {
        "has-flag": "^4.0.0",
        "supports-color": "^7.0.0"
      }
    },
    "type-fest": {
      "version": "0.21.3",
      "resolved": "https://registry.npmjs.org/type-fest/-/type-fest-0.21.3.tgz",
      "integrity": "sha512-t0rzBq87m3fVcduHDUFhKmyyX+9eo6WQjZvf51Ea/M0Q7+T374Jp1aUiyUl0GKxp8M/OETVHSDvmkyPgvX+X2w=="
    },
    "uuid": {
      "version": "3.4.0",
      "resolved": "https://registry.npmjs.org/uuid/-/uuid-3.4.0.tgz",
      "integrity": "sha512-HjSDRw6gZE5JMggctHBcjVak08+KEVhSIiDzFnT9S9aegmp85S/bReBVTb4QTFaRNptJ9kuYaNhnbNEOkbKb/A=="
    },
    "which": {
      "version": "1.2.11",
      "resolved": "https://registry.npmjs.org/which/-/which-1.2.11.tgz",
      "integrity": "sha1-yLLu6muMFln6fB3U/aq+lTPcXos=",
      "requires": {
        "isexe": "^1.1.1"
      }
    },
    "wrappy": {
      "version": "1.0.2",
      "resolved": "https://registry.npmjs.org/wrappy/-/wrappy-1.0.2.tgz",
      "integrity": "sha1-tSQ9jz7BqjXxNkYFvA0QNuMKtp8="
    },
    "xcode": {
      "version": "2.0.0",
      "resolved": "https://registry.npmjs.org/xcode/-/xcode-2.0.0.tgz",
      "integrity": "sha512-5xF6RCjAdDEiEsbbZaS/gBRt3jZ/177otZcpoLCjGN/u1LrfgH7/Sgeeavpr/jELpyDqN2im3AKosl2G2W8hfw==",
      "requires": {
        "simple-plist": "^1.0.0",
        "uuid": "^3.3.2"
      }
    },
    "xmlbuilder": {
      "version": "9.0.7",
      "resolved": "https://registry.npmjs.org/xmlbuilder/-/xmlbuilder-9.0.7.tgz",
      "integrity": "sha1-Ey7mPS7FVlxVfiD0wi35rKaGsQ0="
    },
    "xmldom": {
      "version": "0.1.31",
      "resolved": "https://registry.npmjs.org/xmldom/-/xmldom-0.1.31.tgz",
      "integrity": "sha512-yS2uJflVQs6n+CyjHoaBmVSqIDevTAWrzMmjG1Gc7h1qQ7uVozNhEPJAwZXWyGQ/Gafo3fCwrcaokezLPupVyQ=="
    }
  }
}
